
Microsoft Visual Studio Solution File, Format Version 12.00
# Visual Studio Version 17
VisualStudioVersion = 17.10.35122.118
MinimumVisualStudioVersion = 10.0.40219.1
Project("{9A19103F-16F7-4668-BE54-9A1E7A4F7556}") = "approve-order-lambda", "approve-order-lambda\src\approve-order-lambda\approve-order-lambda.csproj", "{0BEE686C-72F1-4B52-8F44-4DDC460E8E1A}"
EndProject
Project("{9A19103F-16F7-4668-BE54-9A1E7A4F7556}") = "order-service-lambda", "order-service-lambda\src\order-service-lambda\order-service-lambda.csproj", "{EDA9735A-EB3A-49EC-849C-B1504A2DD3FF}"
EndProject
Project("{9A19103F-16F7-4668-BE54-9A1E7A4F7556}") = "Ecommerce.Domain", "Ecommerce.Domain\Ecommerce.Domain.csproj", "{CF75CE2E-2972-40EE-9475-AC15FA6C677F}"
EndProject
Project("{FAE04EC0-301F-11D3-BF4B-00C04F79EFBC}") = "ProccessPayedOrder", "ProccessPayedOrder\src\ProccessPayedOrder\ProccessPayedOrder.csproj", "{DBD0D2FE-6DB6-4645-A420-36FF6E1670C2}"
EndProject
Project("{9A19103F-16F7-4668-BE54-9A1E7A4F7556}") = "ProccessPayedOrder.Tests", "ProccessPayedOrder\test\ProccessPayedOrder.Tests\ProccessPayedOrder.Tests.csproj", "{09A91FE7-DB2B-4BF9-8576-707D03E81435}"
EndProject
Global
	GlobalSection(SolutionConfigurationPlatforms) = preSolution
		Debug|Any CPU = Debug|Any CPU
		Release|Any CPU = Release|Any CPU
	EndGlobalSection
	GlobalSection(ProjectConfigurationPlatforms) = postSolution
		{0BEE686C-72F1-4B52-8F44-4DDC460E8E1A}.Debug|Any CPU.ActiveCfg = Debug|Any CPU
		{0BEE686C-72F1-4B52-8F44-4DDC460E8E1A}.Debug|Any CPU.Build.0 = Debug|Any CPU
		{0BEE686C-72F1-4B52-8F44-4DDC460E8E1A}.Release|Any CPU.ActiveCfg = Release|Any CPU
		{0BEE686C-72F1-4B52-8F44-4DDC460E8E1A}.Release|Any CPU.Build.0 = Release|Any CPU
		{EDA9735A-EB3A-49EC-849C-B1504A2DD3FF}.Debug|Any CPU.ActiveCfg = Debug|Any CPU
		{EDA9735A-EB3A-49EC-849C-B1504A2DD3FF}.Debug|Any CPU.Build.0 = Debug|Any CPU
		{EDA9735A-EB3A-49EC-849C-B1504A2DD3FF}.Release|Any CPU.ActiveCfg = Release|Any CPU
		{EDA9735A-EB3A-49EC-849C-B1504A2DD3FF}.Release|Any CPU.Build.0 = Release|Any CPU
		{CF75CE2E-2972-40EE-9475-AC15FA6C677F}.Debug|Any CPU.ActiveCfg = Debug|Any CPU
		{CF75CE2E-2972-40EE-9475-AC15FA6C677F}.Debug|Any CPU.Build.0 = Debug|Any CPU
		{CF75CE2E-2972-40EE-9475-AC15FA6C677F}.Release|Any CPU.ActiveCfg = Release|Any CPU
		{CF75CE2E-2972-40EE-9475-AC15FA6C677F}.Release|Any CPU.Build.0 = Release|Any CPU
		{DBD0D2FE-6DB6-4645-A420-36FF6E1670C2}.Debug|Any CPU.ActiveCfg = Debug|Any CPU
		{DBD0D2FE-6DB6-4645-A420-36FF6E1670C2}.Debug|Any CPU.Build.0 = Debug|Any CPU
		{DBD0D2FE-6DB6-4645-A420-36FF6E1670C2}.Release|Any CPU.ActiveCfg = Release|Any CPU
		{DBD0D2FE-6DB6-4645-A420-36FF6E1670C2}.Release|Any CPU.Build.0 = Release|Any CPU
		{09A91FE7-DB2B-4BF9-8576-707D03E81435}.Debug|Any CPU.ActiveCfg = Debug|Any CPU
		{09A91FE7-DB2B-4BF9-8576-707D03E81435}.Debug|Any CPU.Build.0 = Debug|Any CPU
		{09A91FE7-DB2B-4BF9-8576-707D03E81435}.Release|Any CPU.ActiveCfg = Release|Any CPU
		{09A91FE7-DB2B-4BF9-8576-707D03E81435}.Release|Any CPU.Build.0 = Release|Any CPU
	EndGlobalSection
	GlobalSection(SolutionProperties) = preSolution
		HideSolutionNode = FALSE
	EndGlobalSection
	GlobalSection(ExtensibilityGlobals) = postSolution
		SolutionGuid = {9FB8EA9D-40A5-4191-8210-F2626589821A}
	EndGlobalSection
EndGlobal
